#MicroXplorer Configuration settings - do not modify
Mcu.Family=STM32F1
ProjectManager.MainLocation=Core/Src
RCC.MCOFreq_Value=48000000
PA6.Mode=Full_Duplex_Master
ProjectManager.ProjectFileName=water_sensor_stm32.ioc
PB8.GPIOParameters=GPIO_PuPd,GPIO_Label
TIM2.Channel-Input_Capture1_from_TI1=TIM_CHANNEL_1
PA7.Mode=Full_Duplex_Master
PD1-OSC_OUT.Mode=HSE-External-Oscillator
PB9.GPIO_Label=SW1
ProjectManager.KeepUserCode=true
PA10.Mode=Asynchronous
Mcu.UserName=STM32F103C8Tx
Mcu.PinsNb=17
SPI1.VirtualType=VM_MASTER
ProjectManager.NoMain=false
SPI1.IPParameters=VirtualType,Mode,Direction,BaudRatePrescaler,CalculateBaudRate
SH.GPXTI9.0=GPIO_EXTI9
RCC.PLLCLKFreq_Value=48000000
ProjectManager.functionlistsort=1-MX_GPIO_Init-GPIO-false-HAL-true,2-SystemClock_Config-RCC-false-HAL-false,3-MX_TIM2_Init-TIM2-false-HAL-true,4-MX_USART1_UART_Init-USART1-false-HAL-true,5-MX_SPI1_Init-SPI1-false-HAL-true
PB8.GPIO_PuPd=GPIO_PULLUP
RCC.ADCFreqValue=24000000
ProjectManager.DefaultFWLocation=true
PB0.GPIO_Label=NRF_CE
PB6.GPIO_Label=LED_2
PD0-OSC_IN.Signal=RCC_OSC_IN
ProjectManager.DeletePrevious=true
USART1.IPParameters=VirtualMode
RCC.APB1CLKDivider=RCC_HCLK_DIV2
SH.S_TIM2_CH1_ETR.ConfNb=1
PinOutPanel.RotationAngle=0
RCC.FamilyName=M
RCC.SYSCLKSource=RCC_SYSCLKSOURCE_PLLCLK
ProjectManager.StackSize=0x400
PA0-WKUP.Signal=S_TIM2_CH1_ETR
PD1-OSC_OUT.Signal=RCC_OSC_OUT
PB9.GPIOParameters=GPIO_PuPd,GPIO_Label
PA13.Signal=SYS_JTMS-SWDIO
Mcu.IP4=TIM2
RCC.FCLKCortexFreq_Value=48000000
Mcu.IP5=USART1
NVIC.SVCall_IRQn=true\:0\:0\:false\:false\:true\:false\:false
Mcu.IP2=SPI1
PB8.GPIO_Label=SW2
Mcu.IP3=SYS
Mcu.IP0=NVIC
PA9.Mode=Asynchronous
Mcu.IP1=RCC
Mcu.UserConstants=
ProjectManager.TargetToolchain=STM32CubeIDE
Mcu.ThirdPartyNb=0
SPI1.Direction=SPI_DIRECTION_2LINES
PB7.GPIOParameters=GPIO_Label
RCC.HCLKFreq_Value=48000000
Mcu.IPNb=6
TIM2.IPParameters=Channel-Input_Capture1_from_TI1,Period,Prescaler
ProjectManager.PreviousToolchain=
RCC.APB2TimFreq_Value=48000000
PA9.Signal=USART1_TX
PB6.Signal=GPIO_Output
PB9.Locked=true
SPI1.CalculateBaudRate=6.0 MBits/s
Mcu.Pin6=PA7
Mcu.Pin7=PB0
ProjectManager.RegisterCallBack=
Mcu.Pin8=PA9
RCC.USBFreq_Value=48000000
Mcu.Pin9=PA10
RCC.AHBFreq_Value=48000000
Mcu.Pin0=PD0-OSC_IN
Mcu.Pin1=PD1-OSC_OUT
PD0-OSC_IN.Mode=HSE-External-Oscillator
Mcu.Pin2=PA0-WKUP
Mcu.Pin3=PA4
Mcu.Pin4=PA5
Mcu.Pin5=PA6
PA5.Signal=SPI1_SCK
ProjectManager.ProjectBuild=false
NVIC.UsageFault_IRQn=true\:0\:0\:false\:false\:true\:false\:false
NVIC.DebugMonitor_IRQn=true\:0\:0\:false\:false\:true\:false\:false
board=custom
PA4.Locked=true
NVIC.SysTick_IRQn=true\:0\:0\:false\:false\:true\:false\:true
ProjectManager.LastFirmware=true
RCC.PLLMUL=RCC_PLL_MUL12
ProjectManager.FirmwarePackage=STM32Cube FW_F1 V1.8.4
MxDb.Version=DB.6.0.20
PB0.GPIOParameters=GPIO_Label
RCC.APB2Freq_Value=48000000
ProjectManager.BackupPrevious=false
MxCube.Version=6.2.0
SPI1.Mode=SPI_MODE_MASTER
PA14.Mode=Serial_Wire
NVIC.TIM2_IRQn=true\:0\:0\:false\:false\:true\:true\:true
File.Version=6
VP_SYS_VS_Systick.Mode=SysTick
PA9.Locked=true
PB7.Signal=GPIO_Output
PB8.Locked=true
NVIC.NonMaskableInt_IRQn=true\:0\:0\:false\:false\:true\:false\:false
PA4.GPIOParameters=GPIO_Label
PB6.Locked=true
NVIC.PendSV_IRQn=true\:0\:0\:false\:false\:true\:false\:false
TIM2.Period=0xFFFF
PA13.Mode=Serial_Wire
ProjectManager.FreePins=false
RCC.IPParameters=ADCFreqValue,AHBFreq_Value,APB1CLKDivider,APB1Freq_Value,APB1TimFreq_Value,APB2Freq_Value,APB2TimFreq_Value,FCLKCortexFreq_Value,FamilyName,HCLKFreq_Value,MCOFreq_Value,PLLCLKFreq_Value,PLLMCOFreq_Value,PLLMUL,SYSCLKFreq_VALUE,SYSCLKSource,TimSysFreq_Value,USBFreq_Value
ProjectManager.AskForMigrate=true
Mcu.Name=STM32F103C(8-B)Tx
PB6.GPIOParameters=GPIO_Label
ProjectManager.HalAssertFull=false
PB0.Locked=true
ProjectManager.ProjectName=water_sensor_stm32
ProjectManager.UnderRoot=true
RCC.PLLMCOFreq_Value=24000000
ProjectManager.CoupleFile=false
PB7.GPIO_Label=LED_1
PA4.Signal=GPIO_Output
RCC.SYSCLKFreq_VALUE=48000000
Mcu.Package=LQFP48
PB9.Signal=GPXTI9
TIM2.Prescaler=48-1
PA6.Signal=SPI1_MISO
RCC.TimSysFreq_Value=48000000
PA5.Locked=true
PA7.Locked=true
PA10.Locked=true
NVIC.ForceEnableDMAVector=true
KeepUserPlacement=false
SH.GPXTI8.0=GPIO_EXTI8
NVIC.MemoryManagement_IRQn=true\:0\:0\:false\:false\:true\:false\:false
USART1.VirtualMode=VM_ASYNC
ProjectManager.CompilerOptimize=6
ProjectManager.ToolChainLocation=
VP_SYS_VS_Systick.Signal=SYS_VS_Systick
SH.S_TIM2_CH1_ETR.0=TIM2_CH1,Input_Capture1_from_TI1
SH.GPXTI8.ConfNb=1
SH.GPXTI9.ConfNb=1
NVIC.EXTI9_5_IRQn=true\:0\:0\:false\:false\:true\:true\:true
PA10.Signal=USART1_RX
PA14.Signal=SYS_JTCK-SWCLK
PB9.GPIO_PuPd=GPIO_PULLUP
ProjectManager.HeapSize=0x200
Mcu.Pin15=PB9
NVIC.HardFault_IRQn=true\:0\:0\:false\:false\:true\:false\:false
Mcu.Pin16=VP_SYS_VS_Systick
Mcu.Pin13=PB7
Mcu.Pin14=PB8
ProjectManager.ComputerToolchain=false
NVIC.PriorityGroup=NVIC_PRIORITYGROUP_4
Mcu.Pin11=PA14
Mcu.Pin12=PB6
Mcu.Pin10=PA13
PB7.Locked=true
RCC.APB1TimFreq_Value=48000000
PB8.Signal=GPXTI8
NVIC.BusFault_IRQn=true\:0\:0\:false\:false\:true\:false\:false
RCC.APB1Freq_Value=24000000
SPI1.BaudRatePrescaler=SPI_BAUDRATEPRESCALER_8
PB0.Signal=GPIO_Output
PA4.GPIO_Label=NRF_CSN
ProjectManager.CustomerFirmwarePackage=
ProjectManager.DeviceId=STM32F103C8Tx
ProjectManager.LibraryCopy=1
PA5.Mode=Full_Duplex_Master
PA7.Signal=SPI1_MOSI
PA6.Locked=true
isbadioc=false
